
Microsoft Visual Studio Solution File, Format Version 12.00
# Visual Studio Version 17
VisualStudioVersion = 17.3.32929.385
MinimumVisualStudioVersion = 10.0.40219.1
Project("{FAE04EC0-301F-11D3-BF4B-00C04F79EFBC}") = "SnakeCore", "SnakeCore\SnakeCore.csproj", "{B2229014-920A-4C34-B802-767E5A1DB585}"
EndProject
Global
	GlobalSection(SolutionConfigurationPlatforms) = preSolution
		Debug|Any CPU = Debug|Any CPU
		Release|Any CPU = Release|Any CPU
	EndGlobalSection
	GlobalSection(ProjectConfigurationPlatforms) = postSolution
		{B2229014-920A-4C34-B802-767E5A1DB585}.Debug|Any CPU.ActiveCfg = Debug|Any CPU
		{B2229014-920A-4C34-B802-767E5A1DB585}.Debug|Any CPU.Build.0 = Debug|Any CPU
		{B2229014-920A-4C34-B802-767E5A1DB585}.Release|Any CPU.ActiveCfg = Release|Any CPU
		{B2229014-920A-4C34-B802-767E5A1DB585}.Release|Any CPU.Build.0 = Release|Any CPU
	EndGlobalSection
	GlobalSection(SolutionProperties) = preSolution
		HideSolutionNode = FALSE
	EndGlobalSection
	GlobalSection(ExtensibilityGlobals) = postSolution
		SolutionGuid = {848D278C-2454-44DE-ACEC-4DA6F95E146D}
	EndGlobalSection
EndGlobal
